
Microsoft Visual Studio Solution File, Format Version 11.00
# Visual C# Express 2010
Project("{FAE04EC0-301F-11D3-BF4B-00C04F79EFBC}") = "VirtualHandsetTest", "VirtualHandsetTest.csproj", "{718BBFFE-C491-433B-B8F3-1AC900A335BB}"
EndProject
Global
	GlobalSection(SolutionConfigurationPlatforms) = preSolution
		Debug|Any CPU = Debug|Any CPU
		Release|Any CPU = Release|Any CPU
	EndGlobalSection
	GlobalSection(ProjectConfigurationPlatforms) = postSolution
		{718BBFFE-C491-433B-B8F3-1AC900A335BB}.Debug|Any CPU.ActiveCfg = Debug|Any CPU
		{718BBFFE-C491-433B-B8F3-1AC900A335BB}.Debug|Any CPU.Build.0 = Debug|Any CPU
		{718BBFFE-C491-433B-B8F3-1AC900A335BB}.Release|Any CPU.ActiveCfg = Release|Any CPU
		{718BBFFE-C491-433B-B8F3-1AC900A335BB}.Release|Any CPU.Build.0 = Release|Any CPU
	EndGlobalSection
	GlobalSection(SolutionProperties) = preSolution
		HideSolutionNode = FALSE
	EndGlobalSection
EndGlobal
